
Microsoft Visual Studio Solution File, Format Version 12.00
# Visual Studio Version 17
VisualStudioVersion = 17.5.2.0
MinimumVisualStudioVersion = 10.0.40219.1
Project("{2150E333-8FDC-42A3-9474-1A3956D46DE8}") = "src", "src", "{827E0CD3-B72D-47B6-A68D-7590B98EB39B}"
EndProject
Project("{FAE04EC0-301F-11D3-BF4B-00C04F79EFBC}") = "RazorPagesMovie", "src\RazorPagesMovie\RazorPagesMovie.csproj", "{0CA5DA88-CF37-4A7A-8BBC-7E921E079397}"
EndProject
Project("{2150E333-8FDC-42A3-9474-1A3956D46DE8}") = "CSharpAdvancedPractice", "CSharpAdvancedPractice", "{32B2E7F3-A6EB-E181-374E-D4D8E74DF2A5}"
EndProject
Project("{FAE04EC0-301F-11D3-BF4B-00C04F79EFBC}") = "InterviewPractice", "src\CSharpAdvancedPractice\InterviewPractice\InterviewPractice.csproj", "{519FC2C2-6DD5-4586-A94F-FFA207D99E6C}"
EndProject
Global
	GlobalSection(SolutionConfigurationPlatforms) = preSolution
		Debug|Any CPU = Debug|Any CPU
		Debug|x64 = Debug|x64
		Debug|x86 = Debug|x86
		Release|Any CPU = Release|Any CPU
		Release|x64 = Release|x64
		Release|x86 = Release|x86
	EndGlobalSection
	GlobalSection(ProjectConfigurationPlatforms) = postSolution
		{0CA5DA88-CF37-4A7A-8BBC-7E921E079397}.Debug|Any CPU.ActiveCfg = Debug|Any CPU
		{0CA5DA88-CF37-4A7A-8BBC-7E921E079397}.Debug|Any CPU.Build.0 = Debug|Any CPU
		{0CA5DA88-CF37-4A7A-8BBC-7E921E079397}.Debug|x64.ActiveCfg = Debug|Any CPU
		{0CA5DA88-CF37-4A7A-8BBC-7E921E079397}.Debug|x64.Build.0 = Debug|Any CPU
		{0CA5DA88-CF37-4A7A-8BBC-7E921E079397}.Debug|x86.ActiveCfg = Debug|Any CPU
		{0CA5DA88-CF37-4A7A-8BBC-7E921E079397}.Debug|x86.Build.0 = Debug|Any CPU
		{0CA5DA88-CF37-4A7A-8BBC-7E921E079397}.Release|Any CPU.ActiveCfg = Release|Any CPU
		{0CA5DA88-CF37-4A7A-8BBC-7E921E079397}.Release|Any CPU.Build.0 = Release|Any CPU
		{0CA5DA88-CF37-4A7A-8BBC-7E921E079397}.Release|x64.ActiveCfg = Release|Any CPU
		{0CA5DA88-CF37-4A7A-8BBC-7E921E079397}.Release|x64.Build.0 = Release|Any CPU
		{0CA5DA88-CF37-4A7A-8BBC-7E921E079397}.Release|x86.ActiveCfg = Release|Any CPU
		{0CA5DA88-CF37-4A7A-8BBC-7E921E079397}.Release|x86.Build.0 = Release|Any CPU
		{519FC2C2-6DD5-4586-A94F-FFA207D99E6C}.Debug|Any CPU.ActiveCfg = Debug|Any CPU
		{519FC2C2-6DD5-4586-A94F-FFA207D99E6C}.Debug|Any CPU.Build.0 = Debug|Any CPU
		{519FC2C2-6DD5-4586-A94F-FFA207D99E6C}.Debug|x64.ActiveCfg = Debug|Any CPU
		{519FC2C2-6DD5-4586-A94F-FFA207D99E6C}.Debug|x64.Build.0 = Debug|Any CPU
		{519FC2C2-6DD5-4586-A94F-FFA207D99E6C}.Debug|x86.ActiveCfg = Debug|Any CPU
		{519FC2C2-6DD5-4586-A94F-FFA207D99E6C}.Debug|x86.Build.0 = Debug|Any CPU
		{519FC2C2-6DD5-4586-A94F-FFA207D99E6C}.Release|Any CPU.ActiveCfg = Release|Any CPU
		{519FC2C2-6DD5-4586-A94F-FFA207D99E6C}.Release|Any CPU.Build.0 = Release|Any CPU
		{519FC2C2-6DD5-4586-A94F-FFA207D99E6C}.Release|x64.ActiveCfg = Release|Any CPU
		{519FC2C2-6DD5-4586-A94F-FFA207D99E6C}.Release|x64.Build.0 = Release|Any CPU
		{519FC2C2-6DD5-4586-A94F-FFA207D99E6C}.Release|x86.ActiveCfg = Release|Any CPU
		{519FC2C2-6DD5-4586-A94F-FFA207D99E6C}.Release|x86.Build.0 = Release|Any CPU
	EndGlobalSection
	GlobalSection(SolutionProperties) = preSolution
		HideSolutionNode = FALSE
	EndGlobalSection
	GlobalSection(NestedProjects) = preSolution
		{0CA5DA88-CF37-4A7A-8BBC-7E921E079397} = {827E0CD3-B72D-47B6-A68D-7590B98EB39B}
		{32B2E7F3-A6EB-E181-374E-D4D8E74DF2A5} = {827E0CD3-B72D-47B6-A68D-7590B98EB39B}
		{519FC2C2-6DD5-4586-A94F-FFA207D99E6C} = {32B2E7F3-A6EB-E181-374E-D4D8E74DF2A5}
	EndGlobalSection
	GlobalSection(ExtensibilityGlobals) = postSolution
		SolutionGuid = {3773FF75-5AAA-45B6-9E18-6F45E374357A}
	EndGlobalSection
EndGlobal
